
Microsoft Visual Studio Solution File, Format Version 12.00
# Visual Studio Version 17
VisualStudioVersion = 17.4.33403.182
MinimumVisualStudioVersion = 10.0.40219.1
Project("{8BC9CEB8-8B4A-11D0-8D11-00A0C91BC942}") = "Employee Database", "Employee Database.vcxproj", "{D6416253-C9AB-4C05-B4F2-1723F8437EAC}"
EndProject
Global
	GlobalSection(SolutionConfigurationPlatforms) = preSolution
		Debug|x64 = Debug|x64
		Debug|x86 = Debug|x86
		Release|x64 = Release|x64
		Release|x86 = Release|x86
	EndGlobalSection
	GlobalSection(ProjectConfigurationPlatforms) = postSolution
		{D6416253-C9AB-4C05-B4F2-1723F8437EAC}.Debug|x64.ActiveCfg = Debug|x64
		{D6416253-C9AB-4C05-B4F2-1723F8437EAC}.Debug|x64.Build.0 = Debug|x64
		{D6416253-C9AB-4C05-B4F2-1723F8437EAC}.Debug|x86.ActiveCfg = Debug|Win32
		{D6416253-C9AB-4C05-B4F2-1723F8437EAC}.Debug|x86.Build.0 = Debug|Win32
		{D6416253-C9AB-4C05-B4F2-1723F8437EAC}.Release|x64.ActiveCfg = Release|x64
		{D6416253-C9AB-4C05-B4F2-1723F8437EAC}.Release|x64.Build.0 = Release|x64
		{D6416253-C9AB-4C05-B4F2-1723F8437EAC}.Release|x86.ActiveCfg = Release|Win32
		{D6416253-C9AB-4C05-B4F2-1723F8437EAC}.Release|x86.Build.0 = Release|Win32
	EndGlobalSection
	GlobalSection(SolutionProperties) = preSolution
		HideSolutionNode = FALSE
	EndGlobalSection
	GlobalSection(ExtensibilityGlobals) = postSolution
		SolutionGuid = {5B2FFE50-B2AF-4B03-9170-949E94D7C852}
	EndGlobalSection
EndGlobal
